
Microsoft Visual Studio Solution File, Format Version 12.00
# Visual Studio Version 16
VisualStudioVersion = 16.0.32630.194
MinimumVisualStudioVersion = 10.0.40219.1
Project("{FAE04EC0-301F-11D3-BF4B-00C04F79EFBC}") = "ConsoleArquivos", "ConsoleArquivos\ConsoleArquivos.csproj", "{547CC2B6-4F64-408D-9263-681122256E28}"
EndProject
Global
	GlobalSection(SolutionConfigurationPlatforms) = preSolution
		Debug|Any CPU = Debug|Any CPU
		Release|Any CPU = Release|Any CPU
	EndGlobalSection
	GlobalSection(ProjectConfigurationPlatforms) = postSolution
		{547CC2B6-4F64-408D-9263-681122256E28}.Debug|Any CPU.ActiveCfg = Debug|Any CPU
		{547CC2B6-4F64-408D-9263-681122256E28}.Debug|Any CPU.Build.0 = Debug|Any CPU
		{547CC2B6-4F64-408D-9263-681122256E28}.Release|Any CPU.ActiveCfg = Release|Any CPU
		{547CC2B6-4F64-408D-9263-681122256E28}.Release|Any CPU.Build.0 = Release|Any CPU
	EndGlobalSection
	GlobalSection(SolutionProperties) = preSolution
		HideSolutionNode = FALSE
	EndGlobalSection
	GlobalSection(ExtensibilityGlobals) = postSolution
		SolutionGuid = {070D2456-2E66-4C5E-94ED-5261E5E71088}
	EndGlobalSection
EndGlobal
