
Microsoft Visual Studio Solution File, Format Version 12.00
# Visual Studio Version 16
VisualStudioVersion = 16.0.32630.194
MinimumVisualStudioVersion = 10.0.40219.1
Project("{FAE04EC0-301F-11D3-BF4B-00C04F79EFBC}") = "ConsoleMetodosAbstratos", "ConsoleMetodosAbstratos\ConsoleMetodosAbstratos.csproj", "{70ECC34F-35FF-4AC7-A746-AB3D4EC917DF}"
EndProject
Global
	GlobalSection(SolutionConfigurationPlatforms) = preSolution
		Debug|Any CPU = Debug|Any CPU
		Release|Any CPU = Release|Any CPU
	EndGlobalSection
	GlobalSection(ProjectConfigurationPlatforms) = postSolution
		{70ECC34F-35FF-4AC7-A746-AB3D4EC917DF}.Debug|Any CPU.ActiveCfg = Debug|Any CPU
		{70ECC34F-35FF-4AC7-A746-AB3D4EC917DF}.Debug|Any CPU.Build.0 = Debug|Any CPU
		{70ECC34F-35FF-4AC7-A746-AB3D4EC917DF}.Release|Any CPU.ActiveCfg = Release|Any CPU
		{70ECC34F-35FF-4AC7-A746-AB3D4EC917DF}.Release|Any CPU.Build.0 = Release|Any CPU
	EndGlobalSection
	GlobalSection(SolutionProperties) = preSolution
		HideSolutionNode = FALSE
	EndGlobalSection
	GlobalSection(ExtensibilityGlobals) = postSolution
		SolutionGuid = {46FC00E4-AF68-4D4D-BFA7-5F7C685023B9}
	EndGlobalSection
EndGlobal
